
Microsoft Visual Studio Solution File, Format Version 12.00
# Visual Studio 15
VisualStudioVersion = 15.0.28010.2036
MinimumVisualStudioVersion = 10.0.40219.1
Project("{FAE04EC0-301F-11D3-BF4B-00C04F79EFBC}") = "CursoCSharp", "CursoCSharp\CursoCSharp.csproj", "{B5FE78F1-3DA5-4B04-82DF-2B36DB634FF3}"
EndProject
Global
	GlobalSection(SolutionConfigurationPlatforms) = preSolution
		Debug|Any CPU = Debug|Any CPU
		Release|Any CPU = Release|Any CPU
	EndGlobalSection
	GlobalSection(ProjectConfigurationPlatforms) = postSolution
		{B5FE78F1-3DA5-4B04-82DF-2B36DB634FF3}.Debug|Any CPU.ActiveCfg = Debug|Any CPU
		{B5FE78F1-3DA5-4B04-82DF-2B36DB634FF3}.Debug|Any CPU.Build.0 = Debug|Any CPU
		{B5FE78F1-3DA5-4B04-82DF-2B36DB634FF3}.Release|Any CPU.ActiveCfg = Release|Any CPU
		{B5FE78F1-3DA5-4B04-82DF-2B36DB634FF3}.Release|Any CPU.Build.0 = Release|Any CPU
	EndGlobalSection
	GlobalSection(SolutionProperties) = preSolution
		HideSolutionNode = FALSE
	EndGlobalSection
	GlobalSection(ExtensibilityGlobals) = postSolution
		SolutionGuid = {D1B98E4C-73D5-4748-A061-2013B4FA0924}
	EndGlobalSection
EndGlobal
